<?xml version="1.0" encoding="utf-8"?>
<Project ToolsVersion="4.0" xmlns="http://schemas.microsoft.com/developer/msbuild/2003">
  <ItemGroup>
    <Filter Include="Source Files">
      <UniqueIdentifier>{4FC737F1-C7A5-4376-A066-2A32D752A2FF}</UniqueIdentifier>
      <Extensions>cpp;c;cc;cxx;c++;cppm;ixx;def;odl;idl;hpj;bat;asm;asmx</Extensions>
    </Filter>
    <Filter Include="Resource Files">
      <UniqueIdentifier>{67DA6AB6-F800-4c08-8B7A-83BB121AAD01}</UniqueIdentifier>
      <Extensions>rc;ico;cur;bmp;dlg;rc2;rct;bin;rgs;gif;jpg;jpeg;jpe;resx;tiff;tif;png;wav;mfcribbon-ms</Extensions>
    </Filter>
    <Filter Include="Source Files\Importatoare">
      <UniqueIdentifier>{badae736-b463-4177-94b4-8c66b453ff30}</UniqueIdentifier>
    </Filter>
    <Filter Include="Source Files\Altele">
      <UniqueIdentifier>{f7f71bdb-d827-4880-bb65-b40809d42458}</UniqueIdentifier>
    </Filter>
    <Filter Include="Source Files\Abstractizari">
      <UniqueIdentifier>{67616cd8-60c7-4862-b05e-ce7e9c5f87a1}</UniqueIdentifier>
    </Filter>
    <Filter Include="Source Files\InteractiuneFizica">
      <UniqueIdentifier>{405146cd-ccef-454b-849f-2d43124220e8}</UniqueIdentifier>
    </Filter>
    <Filter Include="Source Files\Materiale">
      <UniqueIdentifier>{6482d285-393b-4fec-b95b-ff4e60cb1306}</UniqueIdentifier>
    </Filter>
    <Filter Include="Source Files\Engine">
      <UniqueIdentifier>{62468882-c293-4437-82a4-6111bb9728df}</UniqueIdentifier>
    </Filter>
  </ItemGroup>
  <ItemGroup>
    <ClCompile Include="Cod\TexturaBMP.cpp">
      <Filter>Source Files\Importatoare</Filter>
    </ClCompile>
    <ClCompile Include="Cod\Shader.cpp">
      <Filter>Source Files\Importatoare</Filter>
    </ClCompile>
    <ClCompile Include="Cod\ObiectStatic.cpp">
      <Filter>Source Files\Abstractizari</Filter>
    </ClCompile>
    <ClCompile Include="Cod\ObiectStaticOBJ.cpp">
      <Filter>Source Files\Importatoare</Filter>
    </ClCompile>
    <ClCompile Include="Cod\Utilitati.cpp">
      <Filter>Source Files\Altele</Filter>
    </ClCompile>
    <ClCompile Include="Cod\Interfete\Harta.cpp">
      <Filter>Source Files\Abstractizari</Filter>
    </ClCompile>
    <ClCompile Include="Cod\ObiectStaticNormale.cpp">
      <Filter>Source Files\Abstractizari</Filter>
    </ClCompile>
    <ClCompile Include="Cod\Interfete\Material.cpp">
      <Filter>Source Files\Abstractizari</Filter>
    </ClCompile>
    <ClCompile Include="Cod\Interfete\ActorRandabil.cpp">
      <Filter>Source Files\Abstractizari</Filter>
    </ClCompile>
    <ClCompile Include="Cod\Interfete\InformatieInteractiuni.cpp">
      <Filter>Source Files\Abstractizari</Filter>
    </ClCompile>
    <ClCompile Include="Cod\MaterialPhong.cpp">
      <Filter>Source Files\Materiale</Filter>
    </ClCompile>
    <ClCompile Include="Cod\MaterialText.cpp">
      <Filter>Source Files\Materiale</Filter>
    </ClCompile>
    <ClCompile Include="Cod\MaterialWireframe.cpp">
      <Filter>Source Files\Materiale</Filter>
    </ClCompile>
    <ClCompile Include="Cod\InteractiuneFizica\ActorInteractiv.cpp">
      <Filter>Source Files\InteractiuneFizica</Filter>
    </ClCompile>
    <ClCompile Include="Cod\InteractiuneFizica\ActorStaticInteractiv.cpp">
      <Filter>Source Files\InteractiuneFizica</Filter>
    </ClCompile>
    <ClCompile Include="Cod\InteractiuneFizica\InformatieInteractiuniCub.cpp">
      <Filter>Source Files\InteractiuneFizica</Filter>
    </ClCompile>
    <ClCompile Include="Cod\InteractiuneFizica\ObiectDebugareColiziuni.cpp">
      <Filter>Source Files\InteractiuneFizica</Filter>
    </ClCompile>
    <ClCompile Include="Cod\Interfete\Actor.cpp">
      <Filter>Source Files\Abstractizari</Filter>
    </ClCompile>
    <ClCompile Include="Cod\Interfete\MaterialTransparent.cpp">
      <Filter>Source Files\Abstractizari</Filter>
    </ClCompile>
    <ClCompile Include="Cod\Interfete\CameraJucator.cpp">
      <Filter>Source Files\Abstractizari</Filter>
    </ClCompile>
    <ClCompile Include="Cod\InteractiuneFizica\DetectorColiziuniLiniar.cpp">
      <Filter>Source Files\InteractiuneFizica</Filter>
    </ClCompile>
    <ClCompile Include="Cod\Interfete\CameraClasificator.cpp">
      <Filter>Source Files\Abstractizari</Filter>
    </ClCompile>
    <ClCompile Include="Cod\Importatoare\ObiectStaticIdentificabil.cpp">
      <Filter>Source Files\Importatoare</Filter>
    </ClCompile>
    <ClCompile Include="Cod\Importatoare\ObiectStaticIdentificabilStartup.cpp">
      <Filter>Source Files\Importatoare</Filter>
    </ClCompile>
    <ClCompile Include="Cod\CoreMotor\ManagerResurse.cpp">
      <Filter>Source Files\Engine</Filter>
    </ClCompile>
    <ClCompile Include="Cod\CoreMotor\MotorGrafic.cpp">
      <Filter>Source Files\Engine</Filter>
    </ClCompile>
    <ClCompile Include="Cod\TextRandabil.cpp">
      <Filter>Source Files\Importatoare</Filter>
    </ClCompile>
    <ClCompile Include="Cod\Interfete\Resursa.cpp">
      <Filter>Source Files\Abstractizari</Filter>
    </ClCompile>
    <ClCompile Include="Cod\Cub.cpp">
      <Filter>Source Files\Importatoare</Filter>
    </ClCompile>
    <ClCompile Include="Cod\Interfete\Textura.cpp">
      <Filter>Source Files\Abstractizari</Filter>
    </ClCompile>
    <ClCompile Include="Cod\ActorObiectStatic.cpp">
      <Filter>Source Files\Abstractizari</Filter>
    </ClCompile>
    <ClCompile Include="Cod\CoreMotor\CameraSpectator.cpp">
      <Filter>Source Files\Abstractizari</Filter>
    </ClCompile>
  </ItemGroup>
  <ItemGroup>
    <ClInclude Include="Cod\Interfete\Textura.h">
      <Filter>Source Files\Abstractizari</Filter>
    </ClInclude>
    <ClInclude Include="Cod\TexturaBMP.h">
      <Filter>Source Files\Importatoare</Filter>
    </ClInclude>
    <ClInclude Include="Cod\Shader.h">
      <Filter>Source Files\Importatoare</Filter>
    </ClInclude>
    <ClInclude Include="Cod\ObiectStatic.h">
      <Filter>Source Files\Abstractizari</Filter>
    </ClInclude>
    <ClInclude Include="Cod\ObiectStaticOBJ.h">
      <Filter>Source Files\Importatoare</Filter>
    </ClInclude>
    <ClInclude Include="Cod\directivePreprocesare.h">
      <Filter>Source Files\Altele</Filter>
    </ClInclude>
    <ClInclude Include="Cod\Utilitati.h">
      <Filter>Source Files\Altele</Filter>
    </ClInclude>
    <ClInclude Include="Cod\Interfete\Harta.h">
      <Filter>Source Files\Abstractizari</Filter>
    </ClInclude>
    <ClInclude Include="Cod\Interfete\Material.h">
      <Filter>Source Files\Abstractizari</Filter>
    </ClInclude>
    <ClInclude Include="Cod\ObiectStaticNormale.h">
      <Filter>Source Files\Abstractizari</Filter>
    </ClInclude>
    <ClInclude Include="Cod\Interfete\ActorRandabil.h">
      <Filter>Source Files\Abstractizari</Filter>
    </ClInclude>
    <ClInclude Include="Cod\Interfete\Actor.h">
      <Filter>Source Files\Abstractizari</Filter>
    </ClInclude>
    <ClInclude Include="Cod\Interfete\InformatieInteractiuni.h">
      <Filter>Source Files\Abstractizari</Filter>
    </ClInclude>
    <ClInclude Include="Cod\MaterialPhong.h">
      <Filter>Source Files\Materiale</Filter>
    </ClInclude>
    <ClInclude Include="Cod\MaterialText.h">
      <Filter>Source Files\Materiale</Filter>
    </ClInclude>
    <ClInclude Include="Cod\MaterialWireframe.h">
      <Filter>Source Files\Materiale</Filter>
    </ClInclude>
    <ClInclude Include="Cod\InteractiuneFizica\ActorInteractiv.h">
      <Filter>Source Files\InteractiuneFizica</Filter>
    </ClInclude>
    <ClInclude Include="Cod\InteractiuneFizica\ActorStaticInteractiv.h">
      <Filter>Source Files\InteractiuneFizica</Filter>
    </ClInclude>
    <ClInclude Include="Cod\InteractiuneFizica\InformatieInteractiuniCub.h">
      <Filter>Source Files\InteractiuneFizica</Filter>
    </ClInclude>
    <ClInclude Include="Cod\InteractiuneFizica\ObiectDebugareColiziuni.h">
      <Filter>Source Files\InteractiuneFizica</Filter>
    </ClInclude>
    <ClInclude Include="Cod\Interfete\MaterialTransparent.h">
      <Filter>Source Files\Abstractizari</Filter>
    </ClInclude>
    <ClInclude Include="Cod\Interfete\CameraJucator.h">
      <Filter>Source Files\Abstractizari</Filter>
    </ClInclude>
    <ClInclude Include="Cod\InteractiuneFizica\DetectorColiziuniLiniar.h">
      <Filter>Source Files\InteractiuneFizica</Filter>
    </ClInclude>
    <ClInclude Include="Cod\Interfete\CameraClasificator.h">
      <Filter>Source Files\Abstractizari</Filter>
    </ClInclude>
    <ClInclude Include="Cod\Importatoare\ObiectStaticIdentificabil.h">
      <Filter>Source Files\Importatoare</Filter>
    </ClInclude>
    <ClInclude Include="Cod\Importatoare\ObiectStaticIdentificabilStartup.h">
      <Filter>Source Files\Importatoare</Filter>
    </ClInclude>
    <ClInclude Include="Cod\CoreMotor\ManagerResurse.h">
      <Filter>Source Files\Engine</Filter>
    </ClInclude>
    <ClInclude Include="Cod\CoreMotor\CameraSpectator.h">
      <Filter>Source Files\Engine</Filter>
    </ClInclude>
    <ClInclude Include="Cod\CoreMotor\MotorGrafic.h">
      <Filter>Source Files\Engine</Filter>
    </ClInclude>
    <ClInclude Include="Cod\Interfete\Resursa.h">
      <Filter>Source Files\Abstractizari</Filter>
    </ClInclude>
    <ClInclude Include="Cod\TextRandabil.h">
      <Filter>Source Files\Importatoare</Filter>
    </ClInclude>
    <ClInclude Include="Cod\Cub.h">
      <Filter>Source Files\Importatoare</Filter>
    </ClInclude>
    <ClInclude Include="Cod\ActorObiectStatic.h">
      <Filter>Source Files\Abstractizari</Filter>
    </ClInclude>
  </ItemGroup>
  <ItemGroup>
    <None Include="Shadere\ShaderFragmentPhong.glsl">
      <Filter>Resource Files</Filter>
    </None>
    <None Include="Shadere\ShaderVertexPhong.glsl">
      <Filter>Resource Files</Filter>
    </None>
    <None Include="Shadere\ShaderFragmentText.glsl">
      <Filter>Resource Files</Filter>
    </None>
    <None Include="Shadere\ShaderVertexText.glsl">
      <Filter>Resource Files</Filter>
    </None>
    <None Include="Shadere\ShaderVertexWireframe.glsl">
      <Filter>Resource Files</Filter>
    </None>
    <None Include="Shadere\ShaderFragmentWireframe.glsl">
      <Filter>Resource Files</Filter>
    </None>
  </ItemGroup>
</Project>